github.com/aws/aws-lambda-go v1.11.1 h1:wuOnhS5aqzPOWns71FO35PtbtBKHr4MYsPVt5qXLSfI=
github.com/aws/aws-lambda-go v1.11.1/go.mod h1:Rr2SMTLeSMKgD45uep9V/NP8tnbCcySgu04cx0k/6cw=
github.com/aws/aws-sdk-go v1.15.47 h1:A0upvQ+UC+JXkWxlKvXjeQA6A+yN6fllYGYUoZjitsI=
github.com/aws/aws-sdk-go v1.15.47/go.mod h1:mFuSZ37Z9YOHbQEwBWztmVzqXrEkub65tZoCYDt7FT0=
github.com/aws/aws-sdk-go v1.19.34 h1:GlE1CUDxDef2CWe1oZW5kvj9bHkIpe/qZCzSavm0BNI=
github.com/aws/aws-sdk-go v1.19.34/go.mod h1:KmX6BPdI08NWTb3/sm4ZGu5ShLoqVDhKgpiN924inxo=
github.com/aws/aws-sdk-go v1.19.36 h1:NF8Y21Db3/SKAyRVyEFM7eEOe79eRabqD0pNvlIy+Ec=
github.com/aws/aws-sdk-go v1.19.36/go.mod h1:KmX6BPdI08NWTb3/sm4ZGu5ShLoqVDhKgpiN924inxo=
github.com/aws/aws-sdk-go v1.19.38 h1:WKjobgPO4Ua1ww2NJJl2/zQNreUZxvqmEzwMlRjjm9g=
github.com/aws/aws-sdk-go v1.19.38/go.mod h1:KmX6BPdI08NWTb3/sm4ZGu5ShLoqVDhKgpiN924inxo=
github.com/aws/aws-sdk-go v1.19.40 h1:omRrS4bCM/IbzU6UEb8Ojg1PvlElZzYZkOh8vWWgFMc=
github.com/aws/aws-sdk-go v1.19.40/go.mod h1:KmX6BPdI08NWTb3/sm4ZGu5ShLoqVDhKgpiN924inxo=
github.com/aws/aws-sdk-go v1.19.41 h1:veutzvQP/lOmYmtX26S9mTFJLO6sp7/UsxFcCjglu4A=
github.com/aws/aws-sdk-go v1.19.41/go.mod h1:KmX6BPdI08NWTb3/sm4ZGu5ShLoqVDhKgpiN924inxo=
github.com/aws/aws-sdk-go v1.19.44 h1:5MoLvCkdpSGZkMSZSBXqq7WLodttWYu4SxLn/jr2y2g=
github.com/aws/aws-sdk-go v1.19.44/go.mod h1:KmX6BPdI08NWTb3/sm4ZGu5ShLoqVDhKgpiN924inxo=
github.com/aws/aws-sdk-go v1.19.45 h1:jAxmC8qqa7mW531FDgM8Ahbqlb3zmiHgTpJU6fY3vJ0=
github.com/aws/aws-sdk-go v1.19.45/go.mod h1:KmX6BPdI08NWTb3/sm4ZGu5ShLoqVDhKgpiN924inxo=
github.com/aws/aws-sdk-go v1.20.0 h1:t74VM7opfCwwbe+wg6eys4a2wLqky6Znitr7BsqYPUg=
github.com/aws/aws-sdk-go v1.20.0/go.mod h1:KmX6BPdI08NWTb3/sm4ZGu5ShLoqVDhKgpiN924inxo=
github.com/aws/aws-sdk-go v1.20.3 h1:iQLxGfR0yh7g5M8Xg7wOGyhQ4hoZb/zA0XQNOGPdlpY=
github.com/aws/aws-sdk-go v1.20.3/go.mod h1:KmX6BPdI08NWTb3/sm4ZGu5ShLoqVDhKgpiN924inxo=
github.com/aws/aws-sdk-go v1.20.4 h1:czX3oqFyqz/AELrK/tneNuyZgNIrWnyqP+iQXsQ32E0=
github.com/aws/aws-sdk-go v1.20.4/go.mod h1:KmX6BPdI08NWTb3/sm4ZGu5ShLoqVDhKgpiN924inxo=
github.com/aws/aws-sdk-go v1.20.5 h1:Ytq5AxpA2pr4vRJM9onvgAjjVRZKKO63WStbG/jLHw0=
github.com/aws/aws-sdk-go v1.20.5/go.mod h1:KmX6BPdI08NWTb3/sm4ZGu5ShLoqVDhKgpiN924inxo=
github.com/aws/aws-sdk-go v1.20.6 h1:kmy4Gvdlyez1fV4kw5RYxZzWKVyuHZHgPWeU/YvRsV4=
github.com/aws/aws-sdk-go v1.20.6/go.mod h1:KmX6BPdI08NWTb3/sm4ZGu5ShLoqVDhKgpiN924inxo=
github.com/aws/aws-sdk-go v1.20.7 h1:fRjZRYJg0wPCA8yaDdb3DeP4rVjjmEiuqYhYoqOaIJg=
github.com/aws/aws-sdk-go v1.20.7/go.mod h1:KmX6BPdI08NWTb3/sm4ZGu5ShLoqVDhKgpiN924inxo=
github.com/aws/aws-sdk-go v1.20.8 h1:oXnNFH/8PosUvHXqZHYLUn6LCSzHZ/34H52vrB4YhpA=
github.com/aws/aws-sdk-go v1.20.8/go.mod h1:KmX6BPdI08NWTb3/sm4ZGu5ShLoqVDhKgpiN924inxo=
github.com/aws/aws-sdk-go v1.20.10 h1:wrwdNYb9Xe1ahNEEXl0M/O/g/dmonWag1TFAKVNQulM=
github.com/aws/aws-sdk-go v1.20.10/go.mod h1:KmX6BPdI08NWTb3/sm4ZGu5ShLoqVDhKgpiN924inxo=
github.com/aws/aws-sdk-go v1.20.11 h1:xDc2f/8KmwPW7WkuB0kDUCEP4jpx1PIMMMZkav6cbU4=
github.com/aws/aws-sdk-go v1.20.11/go.mod h1:KmX6BPdI08NWTb3/sm4ZGu5ShLoqVDhKgpiN924inxo=
github.com/aws/aws-sdk-go v1.20.12 h1:xV7xfLSkiqd7JOnLlfER+Jz8kI98rAGJvtXssYkCRs4=
github.com/aws/aws-sdk-go v1.20.12/go.mod h1:KmX6BPdI08NWTb3/sm4ZGu5ShLoqVDhKgpiN924inxo=
github.com/aws/aws-sdk-go v1.20.13 h1:Ojyd/HWs30K03id7hpFN/wMVigk3PWvkQXhJgKZjfzs=
github.com/aws/aws-sdk-go v1.20.13/go.mod h1:KmX6BPdI08NWTb3/sm4ZGu5ShLoqVDhKgpiN924inxo=
github.com/aws/aws-sdk-go v1.20.14 h1:ivPlTrZmHf4f4TvAG79yOyo2fRH0JW4dz+fsV8IQnbU=
github.com/aws/aws-sdk-go v1.20.14/go.mod h1:KmX6BPdI08NWTb3/sm4ZGu5ShLoqVDhKgpiN924inxo=
github.com/aws/aws-sdk-go v1.20.15 h1:y9ts8MJhB7ReUidS6Rq+0KxdFeL01J+pmOlGq6YqpiQ=
github.com/aws/aws-sdk-go v1.20.15/go.mod h1:KmX6BPdI08NWTb3/sm4ZGu5ShLoqVDhKgpiN924inxo=
github.com/aws/aws-sdk-go v1.20.17 h1:ZQ0cM9FpuufVDHlNViD8vD68IkEQL/VUOMwJPBqkaaM=
github.com/aws/aws-sdk-go v1.20.17/go.mod h1:KmX6BPdI08NWTb3/sm4ZGu5ShLoqVDhKgpiN924inxo=
github.com/aws/aws-sdk-go v1.20.18 h1:k8y5kuh6w8Jw8AOoXAZBygCTDmGNMqfkZK5/OffOB0E=
github.com/aws/aws-sdk-go v1.20.18/go.mod h1:KmX6BPdI08NWTb3/sm4ZGu5ShLoqVDhKgpiN924inxo=
github.com/aws/aws-sdk-go v1.20.19 h1:RQDLGGlcffQzAceEXGdMu+uGGPGhNu+vNG3BrUZAMPI=
github.com/aws/aws-sdk-go v1.20.19/go.mod h1:KmX6BPdI08NWTb3/sm4ZGu5ShLoqVDhKgpiN924inxo=
github.com/aws/aws-sdk-go v1.20.20 h1:OAR/GtjMOhenkp1NNKr1N1FgIP3mQXHeGbRhvVIAQp0=
github.com/aws/aws-sdk-go v1.20.20/go.mod h1:KmX6BPdI08NWTb3/sm4ZGu5ShLoqVDhKgpiN924inxo=
github.com/aws/aws-sdk-go v1.20.21 h1:22vHWL9rur+SRTYPHAXlxJMFIA9OSYsYDIAHFDhQ7Z0=
github.com/aws/aws-sdk-go v1.20.21/go.mod h1:KmX6BPdI08NWTb3/sm4ZGu5ShLoqVDhKgpiN924inxo=
github.com/aws/aws-sdk-go v1.21.0 h1:dRGzi4XZe5GFSJssHkRNUf/hRD/HL8bdqTYa9hpAO8c=
github.com/aws/aws-sdk-go v1.21.0/go.mod h1:KmX6BPdI08NWTb3/sm4ZGu5ShLoqVDhKgpiN924inxo=
github.com/aws/aws-sdk-go v1.21.1 h1:IOFDnCEDybcw4V8nbKqyyjBu+vpu7hFYSfZqNuogi7I=
github.com/aws/aws-sdk-go v1.21.1/go.mod h1:KmX6BPdI08NWTb3/sm4ZGu5ShLoqVDhKgpiN924inxo=
github.com/aws/aws-sdk-go v1.21.2 h1:CqbWrQzi7s8J2F0TRRdLvTr0+bt5Zxo2IDoFNGsAiUg=
github.com/aws/aws-sdk-go v1.21.2/go.mod h1:KmX6BPdI08NWTb3/sm4ZGu5ShLoqVDhKgpiN924inxo=
github.com/aws/aws-sdk-go v1.21.3 h1:Qw/NpqIrCxuZL6sFVvoDlcatEe8woEx1d4gB+tRPsjw=
github.com/aws/aws-sdk-go v1.21.3/go.mod h1:KmX6BPdI08NWTb3/sm4ZGu5ShLoqVDhKgpiN924inxo=
github.com/aws/aws-sdk-go v1.21.4 h1:1xB+x6Dzev8ETmeHEiSfUVbIzmC/0EyFfXMkJpzKPCE=
github.com/aws/aws-sdk-go v1.21.4/go.mod h1:KmX6BPdI08NWTb3/sm4ZGu5ShLoqVDhKgpiN924inxo=
github.com/aws/aws-sdk-go v1.21.5 h1:Z3u6BJ0XYn5uY3Acwy7FMF3XfDEm0FZyWk9vYojqZns=
github.com/aws/aws-sdk-go v1.21.5/go.mod h1:KmX6BPdI08NWTb3/sm4ZGu5ShLoqVDhKgpiN924inxo=
github.com/aws/aws-sdk-go v1.21.6 h1:3GuIm55Uls52aQIDGBnSEZbk073jpasfQyeM5eZU61Q=
github.com/aws/aws-sdk-go v1.21.6/go.mod h1:KmX6BPdI08NWTb3/sm4ZGu5ShLoqVDhKgpiN924inxo=
github.com/aws/aws-sdk-go v1.21.7 h1:ml+k7szyVaq4YD+3LhqOGl9tgMTqgMbpnuUSkB6UJvQ=
github.com/aws/aws-sdk-go v1.21.7/go.mod h1:KmX6BPdI08NWTb3/sm4ZGu5ShLoqVDhKgpiN924inxo=
github.com/aws/aws-sdk-go v1.21.8 h1:Lv6hW2twBhC6mGZAuWtqplEpIIqtVctJg02sE7Qn0Zw=
github.com/aws/aws-sdk-go v1.21.8/go.mod h1:KmX6BPdI08NWTb3/sm4ZGu5ShLoqVDhKgpiN924inxo=
github.com/aws/aws-sdk-go v1.21.9 h1:+HXP97l4IbJvccwwNoweEknroEcX8QLwExcnc+Kxobg=
github.com/aws/aws-sdk-go v1.21.9/go.mod h1:KmX6BPdI08NWTb3/sm4ZGu5ShLoqVDhKgpiN924inxo=
github.com/aws/aws-sdk-go v1.21.10 h1:lTRdgyxraKbnNhx7kWeoW/Uow1TKnSNDpQGTtEXJQgk=
github.com/aws/aws-sdk-go v1.21.10/go.mod h1:KmX6BPdI08NWTb3/sm4ZGu5ShLoqVDhKgpiN924inxo=
github.com/aws/aws-sdk-go v1.22.0 h1:e88V6+dSEyBibUy0ekOydtTfNWzqG3hrtCR8SF6UqqY=
github.com/aws/aws-sdk-go v1.22.0/go.mod h1:KmX6BPdI08NWTb3/sm4ZGu5ShLoqVDhKgpiN924inxo=
github.com/aws/aws-sdk-go v1.22.1 h1://WJvJi9iq/i5TWHuK3hIC23xCZYH7Qv7SIN2vZVqxY=
github.com/aws/aws-sdk-go v1.22.1/go.mod h1:KmX6BPdI08NWTb3/sm4ZGu5ShLoqVDhKgpiN924inxo=
github.com/aws/aws-sdk-go v1.22.2 h1:uYP58k2Cd9y1qBy8CxTe5ADmdi4kANm8Ul8ch3kkIcQ=
github.com/aws/aws-sdk-go v1.22.2/go.mod h1:KmX6BPdI08NWTb3/sm4ZGu5ShLoqVDhKgpiN924inxo=
github.com/aws/aws-sdk-go v1.22.3 h1:6hh+6uqguPNPLtnb6rYLJnonwixttKMbvZYWVUdms98=
github.com/aws/aws-sdk-go v1.22.3/go.mod h1:KmX6BPdI08NWTb3/sm4ZGu5ShLoqVDhKgpiN924inxo=
github.com/aws/aws-sdk-go v1.22.4 h1:Mcq67g9mZEBvBuj/x7mF9KCyw5M8/4I/cjQPkdCsq0I=
github.com/aws/aws-sdk-go v1.22.4/go.mod h1:KmX6BPdI08NWTb3/sm4ZGu5ShLoqVDhKgpiN924inxo=
github.com/aws/aws-sdk-go v1.23.0 h1:ilfJN/vJtFo1XDFxB2YMBYGeOvGZl6Qow17oyD4+Z9A=
github.com/aws/aws-sdk-go v1.23.0/go.mod h1:KmX6BPdI08NWTb3/sm4ZGu5ShLoqVDhKgpiN924inxo=
github.com/aws/aws-sdk-go v1.23.1 h1:MXfB75PkuWJJmZMCQ40haFUuOIIGt1FuiWtPBXy8URA=
github.com/aws/aws-sdk-go v1.23.1/go.mod h1:KmX6BPdI08NWTb3/sm4ZGu5ShLoqVDhKgpiN924inxo=
github.com/davecgh/go-spew v1.1.0 h1:ZDRjVQ15GmhC3fiQ8ni8+OwkZQO4DARzQgrnXU1Liz8=
github.com/davecgh/go-spew v1.1.0/go.mod h1:J7Y8YcW2NihsgmVo/mv3lAwl/skON4iLHjSsI+c5H38=
github.com/davecgh/go-spew v1.1.1 h1:vj9j/u1bqnvCEfJOwUhtlOARqs3+rkHYY13jYWTU97c=
github.com/davecgh/go-spew v1.1.1/go.mod h1:J7Y8YcW2NihsgmVo/mv3lAwl/skON4iLHjSsI+c5H38=
github.com/go-chi/chi v4.0.2+incompatible h1:maB6vn6FqCxrpz4FqWdh4+lwpyZIQS7YEAUcHlgXVRs=
github.com/go-chi/chi v4.0.2+incompatible/go.mod h1:eB3wogJHnLi3x/kFX2A+IbTBlXxmMeXJVKy9tTv1XzQ=
github.com/go-ini/ini v1.25.4 h1:Mujh4R/dH6YL8bxuISne3xX2+qcQ9p0IxKAP6ExWoUo=
github.com/go-ini/ini v1.25.4/go.mod h1:ByCAeIL28uOIIG0E3PJtZPDL8WnHpFKFOtgjp+3Ies8=
github.com/go-ini/ini v1.42.0/go.mod h1:ByCAeIL28uOIIG0E3PJtZPDL8WnHpFKFOtgjp+3Ies8=
github.com/gopherjs/gopherjs v0.0.0-20181017120253-0766667cb4d1 h1:EGx4pi6eqNxGaHF6qqu48+N2wcFQ5qg5FXgOdqsJ5d8=
github.com/gopherjs/gopherjs v0.0.0-20181017120253-0766667cb4d1/go.mod h1:wJfORRmW1u3UXTncJ5qlYoELFm8eSnnEO6hX4iZ3EWY=
github.com/gopherjs/gopherjs v0.0.0-20190430165422-3e4dfb77656c/go.mod h1:wJfORRmW1u3UXTncJ5qlYoELFm8eSnnEO6hX4iZ3EWY=
github.com/jmespath/go-jmespath v0.0.0-20160202185014-0b12d6b521d8 h1:12VvqtR6Aowv3l/EQUlocDHW2Cp4G9WJVH7uyH8QFJE=
github.com/jmespath/go-jmespath v0.0.0-20160202185014-0b12d6b521d8/go.mod h1:Nht3zPeWKUH0NzdCt2Blrr5ys8VGpn0CEB0cQHVjt7k=
github.com/jmespath/go-jmespath v0.0.0-20180206201540-c2b33e8439af h1:pmfjZENx5imkbgOkpRUYLnmbU7UEFbjtDA2hxJ1ichM=
github.com/jmespath/go-jmespath v0.0.0-20180206201540-c2b33e8439af/go.mod h1:Nht3zPeWKUH0NzdCt2Blrr5ys8VGpn0CEB0cQHVjt7k=
github.com/joho/godotenv v1.3.0 h1:Zjp+RcGpHhGlrMbJzXTrZZPrWj+1vfm90La1wgB6Bhc=
github.com/joho/godotenv v1.3.0/go.mod h1:7hK45KPybAkOC6peb+G5yklZfMxEjkZhHbwpqxOKXbg=
github.com/jtolds/gls v4.20.0+incompatible h1:xdiiI2gbIgH/gLH7ADydsJ1uDOEzR8yvV7C0MuV77Wo=
github.com/jtolds/gls v4.20.0+incompatible/go.mod h1:QJZ7F/aHp+rZTRtaJ1ow/lLfFfVYBRgL+9YlvaHOwJU=
github.com/keloran/go-healthcheck v0.0.0-20190520141511-c31732ef5eb5 h1:KOnvfCWAS2oSF2binx9xg5n2RZ2NoCVmzHjO6WVEGEo=
github.com/keloran/go-healthcheck v0.0.0-20190520141511-c31732ef5eb5/go.mod h1:aELxfLtzJ8FbnT+r81bAvZj7tggZLieOCAo5JZG3+R0=
github.com/keloran/go-healthcheck v0.0.0-20190520143835-ee510ba46f3a h1:wgdCKmTj3hPAflTfjaaLGwfutX2oWX74kz8urV86VyI=
github.com/keloran/go-healthcheck v0.0.0-20190520143835-ee510ba46f3a/go.mod h1:aELxfLtzJ8FbnT+r81bAvZj7tggZLieOCAo5JZG3+R0=
github.com/keloran/go-probe v0.0.0-20190520134702-cd0997f2ee4b h1:qntmmttp1IrWfxZvTQFhITtAhcwWBMzgg7DhEZDEnE8=
github.com/keloran/go-probe v0.0.0-20190520134702-cd0997f2ee4b/go.mod h1:RfMCOy4y69IxK4kS/a4VeeemswSq0LID3XftXQxIJMM=
github.com/keloran/go-probe v0.0.0-20190520144024-f910985758fc h1:SPngzzdpQAC/XdEaIZ0ZkNBl5KQXECZVYQ+Ztzg05uM=
github.com/keloran/go-probe v0.0.0-20190520144024-f910985758fc/go.mod h1:RfMCOy4y69IxK4kS/a4VeeemswSq0LID3XftXQxIJMM=
github.com/kr/pretty v0.1.0 h1:L/CwN0zerZDmRFUapSPitk6f+Q3+0za1rQkzVuMiMFI=
github.com/kr/pretty v0.1.0/go.mod h1:dAy3ld7l9f0ibDNOQOHHMYYIIbhfbHSm3C4ZsoJORNo=
github.com/kr/pty v1.1.1/go.mod h1:pFQYn66WHrOpPYNljwOMqo10TkYh1fy3cYio2l3bCsQ=
github.com/kr/pty v1.1.4/go.mod h1:pFQYn66WHrOpPYNljwOMqo10TkYh1fy3cYio2l3bCsQ=
github.com/kr/text v0.1.0 h1:45sCR5RtlFHMR4UwH9sdQ5TC8v0qDQCHnXt+kaKSTVE=
github.com/kr/text v0.1.0/go.mod h1:4Jbv+DJW3UT/LiOwJeYQe1efqtUx/iVham/4vfdArNI=
github.com/pmezard/go-difflib v1.0.0 h1:4DBwDE0NGyQoBHbLQYPwSUPoCMWR5BEzIk/f1lZbAQM=
github.com/pmezard/go-difflib v1.0.0/go.mod h1:iKH77koFhYxTK1pcRnkKkqfTogsbg7gZNVY4sRDYZ/4=
github.com/satori/go.uuid v1.2.0 h1:0uYX9dsZ2yD7q2RtLRtPSdGDWzjeM3TbMJP9utgA0ww=
github.com/satori/go.uuid v1.2.0/go.mod h1:dA0hQrYB0VpLJoorglMZABFdXlWrHn1NEOzdhQKdks0=
github.com/smartystreets/assertions v0.0.0-20180927180507-b2de0cb4f26d h1:zE9ykElWQ6/NYmHa3jpm/yHnI4xSofP+UP6SpjHcSeM=
github.com/smartystreets/assertions v0.0.0-20180927180507-b2de0cb4f26d/go.mod h1:OnSkiWE9lh6wB0YB77sQom3nweQdgAjqCqsofrRNTgc=
github.com/smartystreets/assertions v0.0.0-20190401211740-f487f9de1cd3/go.mod h1:OnSkiWE9lh6wB0YB77sQom3nweQdgAjqCqsofrRNTgc=
github.com/smartystreets/goconvey v0.0.0-20190330032615-68dc04aab96a h1:pa8hGb/2YqsZKovtsgrwcDH1RZhVbTKCjLp47XpqCDs=
github.com/smartystreets/goconvey v0.0.0-20190330032615-68dc04aab96a/go.mod h1:syvi0/a8iFYH4r/RixwvyeAJjdLS9QV7WQ/tjFTllLA=
github.com/stretchr/objx v0.1.0/go.mod h1:HFkY916IF+rwdDfMAkV7OtwuqBVzrE8GR6GFx+wExME=
github.com/stretchr/objx v0.2.0 h1:Hbg2NidpLE8veEBkEZTL3CvlkUIVzuU9jDplZO54c48=
github.com/stretchr/objx v0.2.0/go.mod h1:qt09Ya8vawLte6SNmTgCsAVtYtaKzEcn8ATUoHMkEqE=
github.com/stretchr/testify v0.0.0-20190304032615-34c6fa2dc70/go.mod h1:M5WIy9Dh21IEIfnGCwXGc5bZfKNJtfHm1UVUgZn+9EI=
github.com/stretchr/testify v1.2.1/go.mod h1:a8OnRcib4nhh0OaRAV+Yts87kKdq0PP7pXfy6kDkUVs=
github.com/stretchr/testify v1.3.0 h1:TivCn/peBQ7UY8ooIcPgZFpTNSz0Q2U6UrFlUfqbe0Q=
github.com/stretchr/testify v1.3.0/go.mod h1:M5WIy9Dh21IEIfnGCwXGc5bZfKNJtfHm1UVUgZn+9EI=
github.com/stretchr/testify v1.3.1-0.20190311161405-34c6fa2dc709 h1:Ko2LQMrRU+Oy/+EDBwX7eZ2jp3C47eDBB8EIhKTun+I=
github.com/stretchr/testify v1.3.1-0.20190311161405-34c6fa2dc709/go.mod h1:M5WIy9Dh21IEIfnGCwXGc5bZfKNJtfHm1UVUgZn+9EI=
golang.org/x/crypto v0.0.0-20190308221718-c2843e01d9a2/go.mod h1:djNgcEr1/C05ACkg1iLfiJU5Ep61QUkGW8qpdssI0+w=
golang.org/x/crypto v0.0.0-20190513172903-22d7a77e9e5f/go.mod h1:yigFU9vqHzYiE8UmvKecakEJjdnWj3jj499lnFckfCI=
golang.org/x/net v0.0.0-20190311183353-d8887717615a/go.mod h1:t9HGtf8HONx5eT2rtn7q6eTqICYqUVnKs3thJo3Qplg=
golang.org/x/net v0.0.0-20190404232315-eb5bcb51f2a3/go.mod h1:t9HGtf8HONx5eT2rtn7q6eTqICYqUVnKs3thJo3Qplg=
golang.org/x/net v0.0.0-20190503192946-f4e77d36d62c h1:uOCk1iQW6Vc18bnC13MfzScl+wdKBmM9Y9kU7Z83/lw=
golang.org/x/net v0.0.0-20190503192946-f4e77d36d62c/go.mod h1:t9HGtf8HONx5eT2rtn7q6eTqICYqUVnKs3thJo3Qplg=
golang.org/x/net v0.0.0-20190520210107-018c4d40a106/go.mod h1:t9HGtf8HONx5eT2rtn7q6eTqICYqUVnKs3thJo3Qplg=
golang.org/x/sync v0.0.0-20190423024810-112230192c58/go.mod h1:RxMgew5VJxzue5/jJTE5uejpjVlOe/izrB70Jof72aM=
golang.org/x/sys v0.0.0-20190215142949-d0b11bdaac8a/go.mod h1:STP8DvDyc/dI5b8T5hshtkjS+E42TnysNCUPdjciGhY=
golang.org/x/sys v0.0.0-20190412213103-97732733099d/go.mod h1:h1NjWce9XRLGQEsW7wpKNCjG9DtNlClVuFLEZdDNbEs=
golang.org/x/sys v0.0.0-20190520201301-c432e742b0af/go.mod h1:h1NjWce9XRLGQEsW7wpKNCjG9DtNlClVuFLEZdDNbEs=
golang.org/x/text v0.3.0 h1:g61tztE5qeGQ89tm6NTjjM9VPIm088od1l6aSorWRWg=
golang.org/x/text v0.3.0/go.mod h1:NqM8EUOU14njkJ3fqMW+pc6Ldnwhi/IjpwHt7yyuwOQ=
golang.org/x/text v0.3.2/go.mod h1:bEr9sfX3Q8Zfm5fL9x+3itogRgK3+ptLWKqgva+5dAk=
golang.org/x/tools v0.0.0-20180917221912-90fa682c2a6e/go.mod h1:n7NCudcB/nEzxVGmLbDWY5pfWTLqBcC2KZ6jyYvM4mQ=
golang.org/x/tools v0.0.0-20190328211700-ab21143f2384/go.mod h1:LCzVGOaR6xXOjkQ3onu1FJEFr0SW1gC7cKk1uF8kGRs=
golang.org/x/tools v0.0.0-20190520220859-26647e34d3c0/go.mod h1:RgjU9mgBXZiqYHBnxXauZ1Gv1EHHAz9KjViQ78xBX0Q=
gopkg.in/check.v1 v1.0.0-20180628173108-788fd7840127 h1:qIbj1fsPNlZgppZ+VLlY7N33q108Sa+fhmuc+sWQYwY=
gopkg.in/check.v1 v1.0.0-20180628173108-788fd7840127/go.mod h1:Co6ibVJAznAaIkqp8huTwlJQCZ016jof/cbN4VW5Yz0=
gopkg.in/urfave/cli.v1 v1.20.0/go.mod h1:vuBzUtMdQeixQj8LVd+/98pzhxNGQoyuPBlsXHOQNO0=
